
Microsoft Visual Studio Solution File, Format Version 12.00
# Visual Studio 2013
VisualStudioVersion = 12.0.40629.0
MinimumVisualStudioVersion = 10.0.40219.1
Project("{8BC9CEB8-8B4A-11D0-8D11-00A0C91BC942}") = "AssemblyCompiler", "AssemblyCompiler\AssemblyCompiler.vcxproj", "{7C4D3E67-7DF8-487D-B446-CB1FF526D750}"
EndProject
Global
	GlobalSection(SolutionConfigurationPlatforms) = preSolution
		Debug|Win32 = Debug|Win32
		Release|Win32 = Release|Win32
	EndGlobalSection
	GlobalSection(ProjectConfigurationPlatforms) = postSolution
		{7C4D3E67-7DF8-487D-B446-CB1FF526D750}.Debug|Win32.ActiveCfg = Debug|Win32
		{7C4D3E67-7DF8-487D-B446-CB1FF526D750}.Debug|Win32.Build.0 = Debug|Win32
		{7C4D3E67-7DF8-487D-B446-CB1FF526D750}.Release|Win32.ActiveCfg = Release|Win32
		{7C4D3E67-7DF8-487D-B446-CB1FF526D750}.Release|Win32.Build.0 = Release|Win32
	EndGlobalSection
	GlobalSection(SolutionProperties) = preSolution
		HideSolutionNode = FALSE
	EndGlobalSection
EndGlobal
